
Microsoft Visual Studio Solution File, Format Version 12.00
# Visual Studio Version 16
VisualStudioVersion = 16.0.30804.86
MinimumVisualStudioVersion = 10.0.40219.1
Project("{FAE04EC0-301F-11D3-BF4B-00C04F79EFBC}") = "PROG20_ASPNET1_Inlämningsuppgift2", "PROG20_ASPNET1_Inlämningsuppgift2\PROG20_ASPNET1_Inlämningsuppgift2.csproj", "{4D1B4E67-7134-417B-9B60-F4DDB9297F53}"
EndProject
Global
	GlobalSection(SolutionConfigurationPlatforms) = preSolution
		Debug|Any CPU = Debug|Any CPU
		Release|Any CPU = Release|Any CPU
	EndGlobalSection
	GlobalSection(ProjectConfigurationPlatforms) = postSolution
		{4D1B4E67-7134-417B-9B60-F4DDB9297F53}.Debug|Any CPU.ActiveCfg = Debug|Any CPU
		{4D1B4E67-7134-417B-9B60-F4DDB9297F53}.Debug|Any CPU.Build.0 = Debug|Any CPU
		{4D1B4E67-7134-417B-9B60-F4DDB9297F53}.Release|Any CPU.ActiveCfg = Release|Any CPU
		{4D1B4E67-7134-417B-9B60-F4DDB9297F53}.Release|Any CPU.Build.0 = Release|Any CPU
	EndGlobalSection
	GlobalSection(SolutionProperties) = preSolution
		HideSolutionNode = FALSE
	EndGlobalSection
	GlobalSection(ExtensibilityGlobals) = postSolution
		SolutionGuid = {A185574C-2C25-4DD2-A646-0AF839F88137}
	EndGlobalSection
EndGlobal
